
Microsoft Visual Studio Solution File, Format Version 12.00
# Visual Studio Version 17
VisualStudioVersion = 17.7.34031.279
MinimumVisualStudioVersion = 10.0.40219.1
Project("{9A19103F-16F7-4668-BE54-9A1E7A4F7556}") = "ServerClientConnection", "ServerClientConnection\ServerClientConnection.csproj", "{503E9D2B-5F5F-4A89-9410-086DE185413E}"
EndProject
Project("{9A19103F-16F7-4668-BE54-9A1E7A4F7556}") = "ClientLab2", "ServerLab2\ClientLab2.csproj", "{1F23543D-9C7F-4BFC-839C-AD3B6DA5B8ED}"
EndProject
Project("{9A19103F-16F7-4668-BE54-9A1E7A4F7556}") = "Server", "lab1\Server.csproj", "{F5612060-9E51-46BE-9FD0-230D852C2021}"
EndProject
Global
	GlobalSection(SolutionConfigurationPlatforms) = preSolution
		Debug|Any CPU = Debug|Any CPU
		Release|Any CPU = Release|Any CPU
	EndGlobalSection
	GlobalSection(ProjectConfigurationPlatforms) = postSolution
		{503E9D2B-5F5F-4A89-9410-086DE185413E}.Debug|Any CPU.ActiveCfg = Debug|Any CPU
		{503E9D2B-5F5F-4A89-9410-086DE185413E}.Debug|Any CPU.Build.0 = Debug|Any CPU
		{503E9D2B-5F5F-4A89-9410-086DE185413E}.Release|Any CPU.ActiveCfg = Release|Any CPU
		{503E9D2B-5F5F-4A89-9410-086DE185413E}.Release|Any CPU.Build.0 = Release|Any CPU
		{1F23543D-9C7F-4BFC-839C-AD3B6DA5B8ED}.Debug|Any CPU.ActiveCfg = Debug|Any CPU
		{1F23543D-9C7F-4BFC-839C-AD3B6DA5B8ED}.Debug|Any CPU.Build.0 = Debug|Any CPU
		{1F23543D-9C7F-4BFC-839C-AD3B6DA5B8ED}.Release|Any CPU.ActiveCfg = Release|Any CPU
		{1F23543D-9C7F-4BFC-839C-AD3B6DA5B8ED}.Release|Any CPU.Build.0 = Release|Any CPU
		{F5612060-9E51-46BE-9FD0-230D852C2021}.Debug|Any CPU.ActiveCfg = Debug|Any CPU
		{F5612060-9E51-46BE-9FD0-230D852C2021}.Debug|Any CPU.Build.0 = Debug|Any CPU
		{F5612060-9E51-46BE-9FD0-230D852C2021}.Release|Any CPU.ActiveCfg = Release|Any CPU
		{F5612060-9E51-46BE-9FD0-230D852C2021}.Release|Any CPU.Build.0 = Release|Any CPU
	EndGlobalSection
	GlobalSection(SolutionProperties) = preSolution
		HideSolutionNode = FALSE
	EndGlobalSection
	GlobalSection(ExtensibilityGlobals) = postSolution
		SolutionGuid = {CBB4AAF2-B659-4676-8F15-90F9913D6552}
	EndGlobalSection
EndGlobal
