
Microsoft Visual Studio Solution File, Format Version 12.00
# Visual Studio Version 17
VisualStudioVersion = 17.7.34031.279
MinimumVisualStudioVersion = 10.0.40219.1
Project("{9A19103F-16F7-4668-BE54-9A1E7A4F7556}") = "lab1", "lab1.csproj", "{3A56A4D5-1C07-4D41-ACC1-7447E213109B}"
EndProject
Project("{9A19103F-16F7-4668-BE54-9A1E7A4F7556}") = "ClientLab2", "..\ServerLab2\ClientLab2.csproj", "{97DF3A60-22FD-4FE1-8FAD-125DE6C42510}"
EndProject
Project("{9A19103F-16F7-4668-BE54-9A1E7A4F7556}") = "ServerClientConnection", "..\ServerClientConnection\ServerClientConnection.csproj", "{A4F24CB2-89B2-4CAE-8F01-5CDCF2EA860D}"
EndProject
Global
	GlobalSection(SolutionConfigurationPlatforms) = preSolution
		Debug|Any CPU = Debug|Any CPU
		Release|Any CPU = Release|Any CPU
	EndGlobalSection
	GlobalSection(ProjectConfigurationPlatforms) = postSolution
		{3A56A4D5-1C07-4D41-ACC1-7447E213109B}.Debug|Any CPU.ActiveCfg = Debug|Any CPU
		{3A56A4D5-1C07-4D41-ACC1-7447E213109B}.Debug|Any CPU.Build.0 = Debug|Any CPU
		{3A56A4D5-1C07-4D41-ACC1-7447E213109B}.Release|Any CPU.ActiveCfg = Release|Any CPU
		{3A56A4D5-1C07-4D41-ACC1-7447E213109B}.Release|Any CPU.Build.0 = Release|Any CPU
		{97DF3A60-22FD-4FE1-8FAD-125DE6C42510}.Debug|Any CPU.ActiveCfg = Debug|Any CPU
		{97DF3A60-22FD-4FE1-8FAD-125DE6C42510}.Debug|Any CPU.Build.0 = Debug|Any CPU
		{97DF3A60-22FD-4FE1-8FAD-125DE6C42510}.Release|Any CPU.ActiveCfg = Release|Any CPU
		{97DF3A60-22FD-4FE1-8FAD-125DE6C42510}.Release|Any CPU.Build.0 = Release|Any CPU
		{A4F24CB2-89B2-4CAE-8F01-5CDCF2EA860D}.Debug|Any CPU.ActiveCfg = Debug|Any CPU
		{A4F24CB2-89B2-4CAE-8F01-5CDCF2EA860D}.Debug|Any CPU.Build.0 = Debug|Any CPU
		{A4F24CB2-89B2-4CAE-8F01-5CDCF2EA860D}.Release|Any CPU.ActiveCfg = Release|Any CPU
		{A4F24CB2-89B2-4CAE-8F01-5CDCF2EA860D}.Release|Any CPU.Build.0 = Release|Any CPU
	EndGlobalSection
	GlobalSection(SolutionProperties) = preSolution
		HideSolutionNode = FALSE
	EndGlobalSection
	GlobalSection(ExtensibilityGlobals) = postSolution
		SolutionGuid = {F4281866-882E-4D56-A184-C9061D7495ED}
	EndGlobalSection
EndGlobal
